
Microsoft Visual Studio Solution File, Format Version 12.00
# Visual Studio Version 17
VisualStudioVersion = 17.6.33829.357
MinimumVisualStudioVersion = 10.0.40219.1
Project("{FAE04EC0-301F-11D3-BF4B-00C04F79EFBC}") = "LaundryFinal", "LaundryFinal.csproj", "{324569A1-F268-4F1D-80BF-E6E104AF132F}"
EndProject
Global
	GlobalSection(SolutionConfigurationPlatforms) = preSolution
		Debug|Any CPU = Debug|Any CPU
		Release|Any CPU = Release|Any CPU
	EndGlobalSection
	GlobalSection(ProjectConfigurationPlatforms) = postSolution
		{324569A1-F268-4F1D-80BF-E6E104AF132F}.Debug|Any CPU.ActiveCfg = Debug|Any CPU
		{324569A1-F268-4F1D-80BF-E6E104AF132F}.Debug|Any CPU.Build.0 = Debug|Any CPU
		{324569A1-F268-4F1D-80BF-E6E104AF132F}.Release|Any CPU.ActiveCfg = Release|Any CPU
		{324569A1-F268-4F1D-80BF-E6E104AF132F}.Release|Any CPU.Build.0 = Release|Any CPU
	EndGlobalSection
	GlobalSection(SolutionProperties) = preSolution
		HideSolutionNode = FALSE
	EndGlobalSection
	GlobalSection(ExtensibilityGlobals) = postSolution
		SolutionGuid = {EA51EB32-4E75-4AAB-AC2F-5D906A3EDB94}
	EndGlobalSection
EndGlobal
